// !$*UTF8*$!
{
	archiveVersion = 1;
	classes = {
	};
	objectVersion = 50;
	objects = {

/* Begin PBXBuildFile section */
		60165C90265403D40074D6F9 /* AppDelegate.swift in Sources */ = {isa = PBXBuildFile; fileRef = 60165C8F265403D40074D6F9 /* AppDelegate.swift */; };
		60165C92265403D40074D6F9 /* SceneDelegate.swift in Sources */ = {isa = PBXBuildFile; fileRef = 60165C91265403D40074D6F9 /* SceneDelegate.swift */; };
		60165C94265403D40074D6F9 /* TipsyViewController.swift in Sources */ = {isa = PBXBuildFile; fileRef = 60165C93265403D40074D6F9 /* TipsyViewController.swift */; };
		60165C97265403D40074D6F9 /* Main.storyboard in Resources */ = {isa = PBXBuildFile; fileRef = 60165C95265403D40074D6F9 /* Main.storyboard */; };
		60165C99265403D60074D6F9 /* Assets.xcassets in Resources */ = {isa = PBXBuildFile; fileRef = 60165C98265403D60074D6F9 /* Assets.xcassets */; };
		60165C9C265403D60074D6F9 /* LaunchScreen.storyboard in Resources */ = {isa = PBXBuildFile; fileRef = 60165C9A265403D60074D6F9 /* LaunchScreen.storyboard */; };
		60748A8D2656AB4300B98C37 /* TipBrain.swift in Sources */ = {isa = PBXBuildFile; fileRef = 60748A8C2656AB4300B98C37 /* TipBrain.swift */; };
		60748A8F2656AEAB00B98C37 /* Tip.swift in Sources */ = {isa = PBXBuildFile; fileRef = 60748A8E2656AEAB00B98C37 /* Tip.swift */; };
		6099810C2654464D00BA3653 /* ResultViewController.swift in Sources */ = {isa = PBXBuildFile; fileRef = 6099810B2654464D00BA3653 /* ResultViewController.swift */; };
/* End PBXBuildFile section */

/* Begin PBXFileReference section */
		60165C8C265403D40074D6F9 /* Tipsy.app */ = {isa = PBXFileReference; explicitFileType = wrapper.application; includeInIndex = 0; path = Tipsy.app; sourceTree = BUILT_PRODUCTS_DIR; };
		60165C8F265403D40074D6F9 /* AppDelegate.swift */ = {isa = PBXFileReference; lastKnownFileType = sourcecode.swift; path = AppDelegate.swift; sourceTree = "<group>"; };
		60165C91265403D40074D6F9 /* SceneDelegate.swift */ = {isa = PBXFileReference; lastKnownFileType = sourcecode.swift; path = SceneDelegate.swift; sourceTree = "<group>"; };
		60165C93265403D40074D6F9 /* TipsyViewController.swift */ = {isa = PBXFileReference; lastKnownFileType = sourcecode.swift; path = TipsyViewController.swift; sourceTree = "<group>"; };
		60165C96265403D40074D6F9 /* Base */ = {isa = PBXFileReference; lastKnownFileType = file.storyboard; name = Base; path = Base.lproj/Main.storyboard; sourceTree = "<group>"; };
		60165C98265403D60074D6F9 /* Assets.xcassets */ = {isa = PBXFileReference; lastKnownFileType = folder.assetcatalog; path = Assets.xcassets; sourceTree = "<group>"; };
		60165C9B265403D60074D6F9 /* Base */ = {isa = PBXFileReference; lastKnownFileType = file.storyboard; name = Base; path = Base.lproj/LaunchScreen.storyboard; sourceTree = "<group>"; };
		60165C9D265403D60074D6F9 /* Info.plist */ = {isa = PBXFileReference; lastKnownFileType = text.plist.xml; path = Info.plist; sourceTree = "<group>"; };
		60748A8C2656AB4300B98C37 /* TipBrain.swift */ = {isa = PBXFileReference; lastKnownFileType = sourcecode.swift; path = TipBrain.swift; sourceTree = "<group>"; };
		60748A8E2656AEAB00B98C37 /* Tip.swift */ = {isa = PBXFileReference; lastKnownFileType = sourcecode.swift; path = Tip.swift; sourceTree = "<group>"; };
		6099810B2654464D00BA3653 /* ResultViewController.swift */ = {isa = PBXFileReference; lastKnownFileType = sourcecode.swift; path = ResultViewController.swift; sourceTree = "<group>"; };
/* End PBXFileReference section */

/* Begin PBXFrameworksBuildPhase section */
		60165C89265403D40074D6F9 /* Frameworks */ = {
			isa = PBXFrameworksBuildPhase;
			buildActionMask = 2147483647;
			files = (
			);
			runOnlyForDeploymentPostprocessing = 0;
		};
/* End PBXFrameworksBuildPhase section */

/* Begin PBXGroup section */
		60165C83265403D40074D6F9 = {
			isa = PBXGroup;
			children = (
				60165C8E265403D40074D6F9 /* Tipsy */,
				60165C8D265403D40074D6F9 /* Products */,
			);
			sourceTree = "<group>";
		};
		60165C8D265403D40074D6F9 /* Products */ = {
			isa = PBXGroup;
			children = (
				60165C8C265403D40074D6F9 /* Tipsy.app */,
			);
			name = Products;
			sourceTree = "<group>";
		};
		60165C8E265403D40074D6F9 /* Tipsy */ = {
			isa = PBXGroup;
			children = (
				60165C8F265403D40074D6F9 /* AppDelegate.swift */,
				60165C91265403D40074D6F9 /* SceneDelegate.swift */,
				60165CA52654042D0074D6F9 /* Model */,
				60165CA4265404220074D6F9 /* View */,
				60165CA32654041B0074D6F9 /* Controller */,
				60165C98265403D60074D6F9 /* Assets.xcassets */,
				60165C9A265403D60074D6F9 /* LaunchScreen.storyboard */,
				60165C9D265403D60074D6F9 /* Info.plist */,
			);
			path = Tipsy;
			sourceTree = "<group>";
		};
		60165CA32654041B0074D6F9 /* Controller */ = {
			isa = PBXGroup;
			children = (
				60165C93265403D40074D6F9 /* TipsyViewController.swift */,
				6099810B2654464D00BA3653 /* ResultViewController.swift */,
			);
			path = Controller;
			sourceTree = "<group>";
		};
		60165CA4265404220074D6F9 /* View */ = {
			isa = PBXGroup;
			children = (
				60165C95265403D40074D6F9 /* Main.storyboard */,
			);
			path = View;
			sourceTree = "<group>";
		};
		60165CA52654042D0074D6F9 /* Model */ = {
			isa = PBXGroup;
			children = (
				60748A8E2656AEAB00B98C37 /* Tip.swift */,
				60748A8C2656AB4300B98C37 /* TipBrain.swift */,
			);
			path = Model;
			sourceTree = "<group>";
		};
/* End PBXGroup section */

/* Begin PBXNativeTarget section */
		60165C8B265403D40074D6F9 /* Tipsy */ = {
			isa = PBXNativeTarget;
			buildConfigurationList = 60165CA0265403D60074D6F9 /* Build configuration list for PBXNativeTarget "Tipsy" */;
			buildPhases = (
				60165C88265403D40074D6F9 /* Sources */,
				60165C89265403D40074D6F9 /* Frameworks */,
				60165C8A265403D40074D6F9 /* Resources */,
			);
			buildRules = (
			);
			dependencies = (
			);
			name = Tipsy;
			productName = Tipsy;
			productReference = 60165C8C265403D40074D6F9 /* Tipsy.app */;
			productType = "com.apple.product-type.application";
		};
/* End PBXNativeTarget section */

/* Begin PBXProject section */
		60165C84265403D40074D6F9 /* Project object */ = {
			isa = PBXProject;
			attributes = {
				LastSwiftUpdateCheck = 1250;
				LastUpgradeCheck = 1250;
				TargetAttributes = {
					60165C8B265403D40074D6F9 = {
						CreatedOnToolsVersion = 12.5;
					};
				};
			};
			buildConfigurationList = 60165C87265403D40074D6F9 /* Build configuration list for PBXProject "Tipsy" */;
			compatibilityVersion = "Xcode 9.3";
			developmentRegion = en;
			hasScannedForEncodings = 0;
			knownRegions = (
				en,
				Base,
			);
			mainGroup = 60165C83265403D40074D6F9;
			productRefGroup = 60165C8D265403D40074D6F9 /* Products */;
			projectDirPath = "";
			projectRoot = "";
			targets = (
				60165C8B265403D40074D6F9 /* Tipsy */,
			);
		};
/* End PBXProject section */

/* Begin PBXResourcesBuildPhase section */
		60165C8A265403D40074D6F9 /* Resources */ = {
			isa = PBXResourcesBuildPhase;
			buildActionMask = 2147483647;
			files = (
				60165C9C265403D60074D6F9 /* LaunchScreen.storyboard in Resources */,
				60165C99265403D60074D6F9 /* Assets.xcassets in Resources */,
				60165C97265403D40074D6F9 /* Main.storyboard in Resources */,
			);
			runOnlyForDeploymentPostprocessing = 0;
		};
/* End PBXResourcesBuildPhase section */

/* Begin PBXSourcesBuildPhase section */
		60165C88265403D40074D6F9 /* Sources */ = {
			isa = PBXSourcesBuildPhase;
			buildActionMask = 2147483647;
			files = (
				60165C94265403D40074D6F9 /* TipsyViewController.swift in Sources */,
				60165C90265403D40074D6F9 /* AppDelegate.swift in Sources */,
				60165C92265403D40074D6F9 /* SceneDelegate.swift in Sources */,
				60748A8F2656AEAB00B98C37 /* Tip.swift in Sources */,
				6099810C2654464D00BA3653 /* ResultViewController.swift in Sources */,
				60748A8D2656AB4300B98C37 /* TipBrain.swift in Sources */,
			);
			runOnlyForDeploymentPostprocessing = 0;
		};
/* End PBXSourcesBuildPhase section */

/* Begin PBXVariantGroup section */
		60165C95265403D40074D6F9 /* Main.storyboard */ = {
			isa = PBXVariantGroup;
			children = (
				60165C96265403D40074D6F9 /* Base */,
			);
			name = Main.storyboard;
			sourceTree = "<group>";
		};
		60165C9A265403D60074D6F9 /* LaunchScreen.storyboard */ = {
			isa = PBXVariantGroup;
			children = (
				60165C9B265403D60074D6F9 /* Base */,
			);
			name = LaunchScreen.storyboard;
			sourceTree = "<group>";
		};
/* End PBXVariantGroup section */

/* Begin XCBuildConfiguration section */
		60165C9E265403D60074D6F9 /* Debug */ = {
			isa = XCBuildConfiguration;
			buildSettings = {
				ALWAYS_SEARCH_USER_PATHS = NO;
				CLANG_ANALYZER_NONNULL = YES;
				CLANG_ANALYZER_NUMBER_OBJECT_CONVERSION = YES_AGGRESSIVE;
				CLANG_CXX_LANGUAGE_STANDARD = "gnu++14";
				CLANG_CXX_LIBRARY = "libc++";
				CLANG_ENABLE_MODULES = YES;
				CLANG_ENABLE_OBJC_ARC = YES;
				CLANG_ENABLE_OBJC_WEAK = YES;
				CLANG_WARN_BLOCK_CAPTURE_AUTORELEASING = YES;
				CLANG_WARN_BOOL_CONVERSION = YES;
				CLANG_WARN_COMMA = YES;
				CLANG_WARN_CONSTANT_CONVERSION = YES;
				CLANG_WARN_DEPRECATED_OBJC_IMPLEMENTATIONS = YES;
				CLANG_WARN_DIRECT_OBJC_ISA_USAGE = YES_ERROR;
				CLANG_WARN_DOCUMENTATION_COMMENTS = YES;
				CLANG_WARN_EMPTY_BODY = YES;
				CLANG_WARN_ENUM_CONVERSION = YES;
				CLANG_WARN_INFINITE_RECURSION = YES;
				CLANG_WARN_INT_CONVERSION = YES;
				CLANG_WARN_NON_LITERAL_NULL_CONVERSION = YES;
				CLANG_WARN_OBJC_IMPLICIT_RETAIN_SELF = YES;
				CLANG_WARN_OBJC_LITERAL_CONVERSION = YES;
				CLANG_WARN_OBJC_ROOT_CLASS = YES_ERROR;
				CLANG_WARN_QUOTED_INCLUDE_IN_FRAMEWORK_HEADER = YES;
				CLANG_WARN_RANGE_LOOP_ANALYSIS = YES;
				CLANG_WARN_STRICT_PROTOTYPES = YES;
				CLANG_WARN_SUSPICIOUS_MOVE = YES;
				CLANG_WARN_UNGUARDED_AVAILABILITY = YES_AGGRESSIVE;
				CLANG_WARN_UNREACHABLE_CODE = YES;
				CLANG_WARN__DUPLICATE_METHOD_MATCH = YES;
				COPY_PHASE_STRIP = NO;
				DEBUG_INFORMATION_FORMAT = dwarf;
				ENABLE_STRICT_OBJC_MSGSEND = YES;
				ENABLE_TESTABILITY = YES;
				GCC_C_LANGUAGE_STANDARD = gnu11;
				GCC_DYNAMIC_NO_PIC = NO;
				GCC_NO_COMMON_BLOCKS = YES;
				GCC_OPTIMIZATION_LEVEL = 0;
				GCC_PREPROCESSOR_DEFINITIONS = (
					"DEBUG=1",
					"$(inherited)",
				);
				GCC_WARN_64_TO_32_BIT_CONVERSION = YES;
				GCC_WARN_ABOUT_RETURN_TYPE = YES_ERROR;
				GCC_WARN_UNDECLARED_SELECTOR = YES;
				GCC_WARN_UNINITIALIZED_AUTOS = YES_AGGRESSIVE;
				GCC_WARN_UNUSED_FUNCTION = YES;
				GCC_WARN_UNUSED_VARIABLE = YES;
				IPHONEOS_DEPLOYMENT_TARGET = 14.5;
				MTL_ENABLE_DEBUG_INFO = INCLUDE_SOURCE;
				MTL_FAST_MATH = YES;
				ONLY_ACTIVE_ARCH = YES;
				SDKROOT = iphoneos;
				SWIFT_ACTIVE_COMPILATION_CONDITIONS = DEBUG;
				SWIFT_OPTIMIZATION_LEVEL = "-Onone";
			};
			name = Debug;
		};
		60165C9F265403D60074D6F9 /* Release */ = {
			isa = XCBuildConfiguration;
			buildSettings = {
				ALWAYS_SEARCH_USER_PATHS = NO;
				CLANG_ANALYZER_NONNULL = YES;
				CLANG_ANALYZER_NUMBER_OBJECT_CONVERSION = YES_AGGRESSIVE;
				CLANG_CXX_LANGUAGE_STANDARD = "gnu++14";
				CLANG_CXX_LIBRARY = "libc++";
				CLANG_ENABLE_MODULES = YES;
				CLANG_ENABLE_OBJC_ARC = YES;
				CLANG_ENABLE_OBJC_WEAK = YES;
				CLANG_WARN_BLOCK_CAPTURE_AUTORELEASING = YES;
				CLANG_WARN_BOOL_CONVERSION = YES;
				CLANG_WARN_COMMA = YES;
				CLANG_WARN_CONSTANT_CONVERSION = YES;
				CLANG_WARN_DEPRECATED_OBJC_IMPLEMENTATIONS = YES;
				CLANG_WARN_DIRECT_OBJC_ISA_USAGE = YES_ERROR;
				CLANG_WARN_DOCUMENTATION_COMMENTS = YES;
				CLANG_WARN_EMPTY_BODY = YES;
				CLANG_WARN_ENUM_CONVERSION = YES;
				CLANG_WARN_INFINITE_RECURSION = YES;
				CLANG_WARN_INT_CONVERSION = YES;
				CLANG_WARN_NON_LITERAL_NULL_CONVERSION = YES;
				CLANG_WARN_OBJC_IMPLICIT_RETAIN_SELF = YES;
				CLANG_WARN_OBJC_LITERAL_CONVERSION = YES;
				CLANG_WARN_OBJC_ROOT_CLASS = YES_ERROR;
				CLANG_WARN_QUOTED_INCLUDE_IN_FRAMEWORK_HEADER = YES;
				CLANG_WARN_RANGE_LOOP_ANALYSIS = YES;
				CLANG_WARN_STRICT_PROTOTYPES = YES;
				CLANG_WARN_SUSPICIOUS_MOVE = YES;
				CLANG_WARN_UNGUARDED_AVAILABILITY = YES_AGGRESSIVE;
				CLANG_WARN_UNREACHABLE_CODE = YES;
				CLANG_WARN__DUPLICATE_METHOD_MATCH = YES;
				COPY_PHASE_STRIP = NO;
				DEBUG_INFORMATION_FORMAT = "dwarf-with-dsym";
				ENABLE_NS_ASSERTIONS = NO;
				ENABLE_STRICT_OBJC_MSGSEND = YES;
				GCC_C_LANGUAGE_STANDARD = gnu11;
				GCC_NO_COMMON_BLOCKS = YES;
				GCC_WARN_64_TO_32_BIT_CONVERSION = YES;
				GCC_WARN_ABOUT_RETURN_TYPE = YES_ERROR;
				GCC_WARN_UNDECLARED_SELECTOR = YES;
				GCC_WARN_UNINITIALIZED_AUTOS = YES_AGGRESSIVE;
				GCC_WARN_UNUSED_FUNCTION = YES;
				GCC_WARN_UNUSED_VARIABLE = YES;
				IPHONEOS_DEPLOYMENT_TARGET = 14.5;
				MTL_ENABLE_DEBUG_INFO = NO;
				MTL_FAST_MATH = YES;
				SDKROOT = iphoneos;
				SWIFT_COMPILATION_MODE = wholemodule;
				SWIFT_OPTIMIZATION_LEVEL = "-O";
				VALIDATE_PRODUCT = YES;
			};
			name = Release;
		};
		60165CA1265403D60074D6F9 /* Debug */ = {
			isa = XCBuildConfiguration;
			buildSettings = {
				ASSETCATALOG_COMPILER_APPICON_NAME = AppIcon;
				ASSETCATALOG_COMPILER_GLOBAL_ACCENT_COLOR_NAME = AccentColor;
				CODE_SIGN_STYLE = Automatic;
				DEVELOPMENT_TEAM = 3H56HFHX43;
				INFOPLIST_FILE = Tipsy/Info.plist;
				LD_RUNPATH_SEARCH_PATHS = (
					"$(inherited)",
					"@executable_path/Frameworks",
				);
				PRODUCT_BUNDLE_IDENTIFIER = com.BTM.Tipsy;
				PRODUCT_NAME = "$(TARGET_NAME)";
				SWIFT_VERSION = 5.0;
				TARGETED_DEVICE_FAMILY = "1,2";
			};
			name = Debug;
		};
		60165CA2265403D60074D6F9 /* Release */ = {
			isa = XCBuildConfiguration;
			buildSettings = {
				ASSETCATALOG_COMPILER_APPICON_NAME = AppIcon;
				ASSETCATALOG_COMPILER_GLOBAL_ACCENT_COLOR_NAME = AccentColor;
				CODE_SIGN_STYLE = Automatic;
				DEVELOPMENT_TEAM = 3H56HFHX43;
				INFOPLIST_FILE = Tipsy/Info.plist;
				LD_RUNPATH_SEARCH_PATHS = (
					"$(inherited)",
					"@executable_path/Frameworks",
				);
				PRODUCT_BUNDLE_IDENTIFIER = com.BTM.Tipsy;
				PRODUCT_NAME = "$(TARGET_NAME)";
				SWIFT_VERSION = 5.0;
				TARGETED_DEVICE_FAMILY = "1,2";
			};
			name = Release;
		};
/* End XCBuildConfiguration section */

/* Begin XCConfigurationList section */
		60165C87265403D40074D6F9 /* Build configuration list for PBXProject "Tipsy" */ = {
			isa = XCConfigurationList;
			buildConfigurations = (
				60165C9E265403D60074D6F9 /* Debug */,
				60165C9F265403D60074D6F9 /* Release */,
			);
			defaultConfigurationIsVisible = 0;
			defaultConfigurationName = Release;
		};
		60165CA0265403D60074D6F9 /* Build configuration list for PBXNativeTarget "Tipsy" */ = {
			isa = XCConfigurationList;
			buildConfigurations = (
				60165CA1265403D60074D6F9 /* Debug */,
				60165CA2265403D60074D6F9 /* Release */,
			);
			defaultConfigurationIsVisible = 0;
			defaultConfigurationName = Release;
		};
/* End XCConfigurationList section */
	};
	rootObject = 60165C84265403D40074D6F9 /* Project object */;
}
